// !$*UTF8*$!
{
	archiveVersion = 1;
	classes = {
	};
	objectVersion = 46;
	objects = {

/* Begin PBXBuildFile section */
		6E61364C1D492504004A279F /* AppDelegate.swift in Sources */ = {isa = PBXBuildFile; fileRef = 6E61364B1D492504004A279F /* AppDelegate.swift */; };
		6E61364E1D492504004A279F /* ViewController.swift in Sources */ = {isa = PBXBuildFile; fileRef = 6E61364D1D492504004A279F /* ViewController.swift */; };
		6E6136511D492504004A279F /* Main.storyboard in Resources */ = {isa = PBXBuildFile; fileRef = 6E61364F1D492504004A279F /* Main.storyboard */; };
		6E6136531D492504004A279F /* Assets.xcassets in Resources */ = {isa = PBXBuildFile; fileRef = 6E6136521D492504004A279F /* Assets.xcassets */; };
		6E6136561D492504004A279F /* LaunchScreen.storyboard in Resources */ = {isa = PBXBuildFile; fileRef = 6E6136541D492504004A279F /* LaunchScreen.storyboard */; };
		6E6136611D492505004A279F /* bt_testTests.swift in Sources */ = {isa = PBXBuildFile; fileRef = 6E6136601D492505004A279F /* bt_testTests.swift */; };
		6E61366C1D492505004A279F /* bt_testUITests.swift in Sources */ = {isa = PBXBuildFile; fileRef = 6E61366B1D492505004A279F /* bt_testUITests.swift */; };
/* End PBXBuildFile section */

/* Begin PBXContainerItemProxy section */
		6E61365D1D492505004A279F /* PBXContainerItemProxy */ = {
			isa = PBXContainerItemProxy;
			containerPortal = 6E6136401D492504004A279F /* Project object */;
			proxyType = 1;
			remoteGlobalIDString = 6E6136471D492504004A279F;
			remoteInfo = bt_test;
		};
		6E6136681D492505004A279F /* PBXContainerItemProxy */ = {
			isa = PBXContainerItemProxy;
			containerPortal = 6E6136401D492504004A279F /* Project object */;
			proxyType = 1;
			remoteGlobalIDString = 6E6136471D492504004A279F;
			remoteInfo = bt_test;
		};
/* End PBXContainerItemProxy section */

/* Begin PBXFileReference section */
		6E6136481D492504004A279F /* bt_test.app */ = {isa = PBXFileReference; explicitFileType = wrapper.application; includeInIndex = 0; path = bt_test.app; sourceTree = BUILT_PRODUCTS_DIR; };
		6E61364B1D492504004A279F /* AppDelegate.swift */ = {isa = PBXFileReference; lastKnownFileType = sourcecode.swift; path = AppDelegate.swift; sourceTree = "<group>"; };
		6E61364D1D492504004A279F /* ViewController.swift */ = {isa = PBXFileReference; lastKnownFileType = sourcecode.swift; path = ViewController.swift; sourceTree = "<group>"; };
		6E6136501D492504004A279F /* Base */ = {isa = PBXFileReference; lastKnownFileType = file.storyboard; name = Base; path = Base.lproj/Main.storyboard; sourceTree = "<group>"; };
		6E6136521D492504004A279F /* Assets.xcassets */ = {isa = PBXFileReference; lastKnownFileType = folder.assetcatalog; path = Assets.xcassets; sourceTree = "<group>"; };
		6E6136551D492504004A279F /* Base */ = {isa = PBXFileReference; lastKnownFileType = file.storyboard; name = Base; path = Base.lproj/LaunchScreen.storyboard; sourceTree = "<group>"; };
		6E6136571D492504004A279F /* Info.plist */ = {isa = PBXFileReference; lastKnownFileType = text.plist.xml; path = Info.plist; sourceTree = "<group>"; };
		6E61365C1D492505004A279F /* bt_testTests.xctest */ = {isa = PBXFileReference; explicitFileType = wrapper.cfbundle; includeInIndex = 0; path = bt_testTests.xctest; sourceTree = BUILT_PRODUCTS_DIR; };
		6E6136601D492505004A279F /* bt_testTests.swift */ = {isa = PBXFileReference; lastKnownFileType = sourcecode.swift; path = bt_testTests.swift; sourceTree = "<group>"; };
		6E6136621D492505004A279F /* Info.plist */ = {isa = PBXFileReference; lastKnownFileType = text.plist.xml; path = Info.plist; sourceTree = "<group>"; };
		6E6136671D492505004A279F /* bt_testUITests.xctest */ = {isa = PBXFileReference; explicitFileType = wrapper.cfbundle; includeInIndex = 0; path = bt_testUITests.xctest; sourceTree = BUILT_PRODUCTS_DIR; };
		6E61366B1D492505004A279F /* bt_testUITests.swift */ = {isa = PBXFileReference; lastKnownFileType = sourcecode.swift; path = bt_testUITests.swift; sourceTree = "<group>"; };
		6E61366D1D492505004A279F /* Info.plist */ = {isa = PBXFileReference; lastKnownFileType = text.plist.xml; path = Info.plist; sourceTree = "<group>"; };
/* End PBXFileReference section */

/* Begin PBXFrameworksBuildPhase section */
		6E6136451D492504004A279F /* Frameworks */ = {
			isa = PBXFrameworksBuildPhase;
			buildActionMask = 2147483647;
			files = (
			);
			runOnlyForDeploymentPostprocessing = 0;
		};
		6E6136591D492505004A279F /* Frameworks */ = {
			isa = PBXFrameworksBuildPhase;
			buildActionMask = 2147483647;
			files = (
			);
			runOnlyForDeploymentPostprocessing = 0;
		};
		6E6136641D492505004A279F /* Frameworks */ = {
			isa = PBXFrameworksBuildPhase;
			buildActionMask = 2147483647;
			files = (
			);
			runOnlyForDeploymentPostprocessing = 0;
		};
/* End PBXFrameworksBuildPhase section */

/* Begin PBXGroup section */
		6E61363F1D492504004A279F = {
			isa = PBXGroup;
			children = (
				6E61364A1D492504004A279F /* bt_test */,
				6E61365F1D492505004A279F /* bt_testTests */,
				6E61366A1D492505004A279F /* bt_testUITests */,
				6E6136491D492504004A279F /* Products */,
			);
			sourceTree = "<group>";
		};
		6E6136491D492504004A279F /* Products */ = {
			isa = PBXGroup;
			children = (
				6E6136481D492504004A279F /* bt_test.app */,
				6E61365C1D492505004A279F /* bt_testTests.xctest */,
				6E6136671D492505004A279F /* bt_testUITests.xctest */,
			);
			name = Products;
			sourceTree = "<group>";
		};
		6E61364A1D492504004A279F /* bt_test */ = {
			isa = PBXGroup;
			children = (
				6E61364B1D492504004A279F /* AppDelegate.swift */,
				6E61364D1D492504004A279F /* ViewController.swift */,
				6E61364F1D492504004A279F /* Main.storyboard */,
				6E6136521D492504004A279F /* Assets.xcassets */,
				6E6136541D492504004A279F /* LaunchScreen.storyboard */,
				6E6136571D492504004A279F /* Info.plist */,
			);
			path = bt_test;
			sourceTree = "<group>";
		};
		6E61365F1D492505004A279F /* bt_testTests */ = {
			isa = PBXGroup;
			children = (
				6E6136601D492505004A279F /* bt_testTests.swift */,
				6E6136621D492505004A279F /* Info.plist */,
			);
			path = bt_testTests;
			sourceTree = "<group>";
		};
		6E61366A1D492505004A279F /* bt_testUITests */ = {
			isa = PBXGroup;
			children = (
				6E61366B1D492505004A279F /* bt_testUITests.swift */,
				6E61366D1D492505004A279F /* Info.plist */,
			);
			path = bt_testUITests;
			sourceTree = "<group>";
		};
/* End PBXGroup section */

/* Begin PBXNativeTarget section */
		6E6136471D492504004A279F /* bt_test */ = {
			isa = PBXNativeTarget;
			buildConfigurationList = 6E6136701D492505004A279F /* Build configuration list for PBXNativeTarget "bt_test" */;
			buildPhases = (
				6E6136441D492504004A279F /* Sources */,
				6E6136451D492504004A279F /* Frameworks */,
				6E6136461D492504004A279F /* Resources */,
			);
			buildRules = (
			);
			dependencies = (
			);
			name = bt_test;
			productName = bt_test;
			productReference = 6E6136481D492504004A279F /* bt_test.app */;
			productType = "com.apple.product-type.application";
		};
		6E61365B1D492505004A279F /* bt_testTests */ = {
			isa = PBXNativeTarget;
			buildConfigurationList = 6E6136731D492505004A279F /* Build configuration list for PBXNativeTarget "bt_testTests" */;
			buildPhases = (
				6E6136581D492505004A279F /* Sources */,
				6E6136591D492505004A279F /* Frameworks */,
				6E61365A1D492505004A279F /* Resources */,
			);
			buildRules = (
			);
			dependencies = (
				6E61365E1D492505004A279F /* PBXTargetDependency */,
			);
			name = bt_testTests;
			productName = bt_testTests;
			productReference = 6E61365C1D492505004A279F /* bt_testTests.xctest */;
			productType = "com.apple.product-type.bundle.unit-test";
		};
		6E6136661D492505004A279F /* bt_testUITests */ = {
			isa = PBXNativeTarget;
			buildConfigurationList = 6E6136761D492505004A279F /* Build configuration list for PBXNativeTarget "bt_testUITests" */;
			buildPhases = (
				6E6136631D492505004A279F /* Sources */,
				6E6136641D492505004A279F /* Frameworks */,
				6E6136651D492505004A279F /* Resources */,
			);
			buildRules = (
			);
			dependencies = (
				6E6136691D492505004A279F /* PBXTargetDependency */,
			);
			name = bt_testUITests;
			productName = bt_testUITests;
			productReference = 6E6136671D492505004A279F /* bt_testUITests.xctest */;
			productType = "com.apple.product-type.bundle.ui-testing";
		};
/* End PBXNativeTarget section */

/* Begin PBXProject section */
		6E6136401D492504004A279F /* Project object */ = {
			isa = PBXProject;
			attributes = {
				LastSwiftUpdateCheck = 0730;
				LastUpgradeCheck = 0730;
				ORGANIZATIONNAME = "Rafael de los Santos";
				TargetAttributes = {
					6E6136471D492504004A279F = {
						CreatedOnToolsVersion = 7.3.1;
					};
					6E61365B1D492505004A279F = {
						CreatedOnToolsVersion = 7.3.1;
						TestTargetID = 6E6136471D492504004A279F;
					};
					6E6136661D492505004A279F = {
						CreatedOnToolsVersion = 7.3.1;
						TestTargetID = 6E6136471D492504004A279F;
					};
				};
			};
			buildConfigurationList = 6E6136431D492504004A279F /* Build configuration list for PBXProject "bt_test" */;
			compatibilityVersion = "Xcode 3.2";
			developmentRegion = English;
			hasScannedForEncodings = 0;
			knownRegions = (
				en,
				Base,
			);
			mainGroup = 6E61363F1D492504004A279F;
			productRefGroup = 6E6136491D492504004A279F /* Products */;
			projectDirPath = "";
			projectRoot = "";
			targets = (
				6E6136471D492504004A279F /* bt_test */,
				6E61365B1D492505004A279F /* bt_testTests */,
				6E6136661D492505004A279F /* bt_testUITests */,
			);
		};
/* End PBXProject section */

/* Begin PBXResourcesBuildPhase section */
		6E6136461D492504004A279F /* Resources */ = {
			isa = PBXResourcesBuildPhase;
			buildActionMask = 2147483647;
			files = (
				6E6136561D492504004A279F /* LaunchScreen.storyboard in Resources */,
				6E6136531D492504004A279F /* Assets.xcassets in Resources */,
				6E6136511D492504004A279F /* Main.storyboard in Resources */,
			);
			runOnlyForDeploymentPostprocessing = 0;
		};
		6E61365A1D492505004A279F /* Resources */ = {
			isa = PBXResourcesBuildPhase;
			buildActionMask = 2147483647;
			files = (
			);
			runOnlyForDeploymentPostprocessing = 0;
		};
		6E6136651D492505004A279F /* Resources */ = {
			isa = PBXResourcesBuildPhase;
			buildActionMask = 2147483647;
			files = (
			);
			runOnlyForDeploymentPostprocessing = 0;
		};
/* End PBXResourcesBuildPhase section */

/* Begin PBXSourcesBuildPhase section */
		6E6136441D492504004A279F /* Sources */ = {
			isa = PBXSourcesBuildPhase;
			buildActionMask = 2147483647;
			files = (
				6E61364E1D492504004A279F /* ViewController.swift in Sources */,
				6E61364C1D492504004A279F /* AppDelegate.swift in Sources */,
			);
			runOnlyForDeploymentPostprocessing = 0;
		};
		6E6136581D492505004A279F /* Sources */ = {
			isa = PBXSourcesBuildPhase;
			buildActionMask = 2147483647;
			files = (
				6E6136611D492505004A279F /* bt_testTests.swift in Sources */,
			);
			runOnlyForDeploymentPostprocessing = 0;
		};
		6E6136631D492505004A279F /* Sources */ = {
			isa = PBXSourcesBuildPhase;
			buildActionMask = 2147483647;
			files = (
				6E61366C1D492505004A279F /* bt_testUITests.swift in Sources */,
			);
			runOnlyForDeploymentPostprocessing = 0;
		};
/* End PBXSourcesBuildPhase section */

/* Begin PBXTargetDependency section */
		6E61365E1D492505004A279F /* PBXTargetDependency */ = {
			isa = PBXTargetDependency;
			target = 6E6136471D492504004A279F /* bt_test */;
			targetProxy = 6E61365D1D492505004A279F /* PBXContainerItemProxy */;
		};
		6E6136691D492505004A279F /* PBXTargetDependency */ = {
			isa = PBXTargetDependency;
			target = 6E6136471D492504004A279F /* bt_test */;
			targetProxy = 6E6136681D492505004A279F /* PBXContainerItemProxy */;
		};
/* End PBXTargetDependency section */

/* Begin PBXVariantGroup section */
		6E61364F1D492504004A279F /* Main.storyboard */ = {
			isa = PBXVariantGroup;
			children = (
				6E6136501D492504004A279F /* Base */,
			);
			name = Main.storyboard;
			sourceTree = "<group>";
		};
		6E6136541D492504004A279F /* LaunchScreen.storyboard */ = {
			isa = PBXVariantGroup;
			children = (
				6E6136551D492504004A279F /* Base */,
			);
			name = LaunchScreen.storyboard;
			sourceTree = "<group>";
		};
/* End PBXVariantGroup section */

/* Begin XCBuildConfiguration section */
		6E61366E1D492505004A279F /* Debug */ = {
			isa = XCBuildConfiguration;
			buildSettings = {
				ALWAYS_SEARCH_USER_PATHS = NO;
				CLANG_ANALYZER_NONNULL = YES;
				CLANG_CXX_LANGUAGE_STANDARD = "gnu++0x";
				CLANG_CXX_LIBRARY = "libc++";
				CLANG_ENABLE_MODULES = YES;
				CLANG_ENABLE_OBJC_ARC = YES;
				CLANG_WARN_BOOL_CONVERSION = YES;
				CLANG_WARN_CONSTANT_CONVERSION = YES;
				CLANG_WARN_DIRECT_OBJC_ISA_USAGE = YES_ERROR;
				CLANG_WARN_EMPTY_BODY = YES;
				CLANG_WARN_ENUM_CONVERSION = YES;
				CLANG_WARN_INT_CONVERSION = YES;
				CLANG_WARN_OBJC_ROOT_CLASS = YES_ERROR;
				CLANG_WARN_UNREACHABLE_CODE = YES;
				CLANG_WARN__DUPLICATE_METHOD_MATCH = YES;
				"CODE_SIGN_IDENTITY[sdk=iphoneos*]" = "iPhone Developer";
				COPY_PHASE_STRIP = NO;
				DEBUG_INFORMATION_FORMAT = dwarf;
				ENABLE_STRICT_OBJC_MSGSEND = YES;
				ENABLE_TESTABILITY = YES;
				GCC_C_LANGUAGE_STANDARD = gnu99;
				GCC_DYNAMIC_NO_PIC = NO;
				GCC_NO_COMMON_BLOCKS = YES;
				GCC_OPTIMIZATION_LEVEL = 0;
				GCC_PREPROCESSOR_DEFINITIONS = (
					"DEBUG=1",
					"$(inherited)",
				);
				GCC_WARN_64_TO_32_BIT_CONVERSION = YES;
				GCC_WARN_ABOUT_RETURN_TYPE = YES_ERROR;
				GCC_WARN_UNDECLARED_SELECTOR = YES;
				GCC_WARN_UNINITIALIZED_AUTOS = YES_AGGRESSIVE;
				GCC_WARN_UNUSED_FUNCTION = YES;
				GCC_WARN_UNUSED_VARIABLE = YES;
				IPHONEOS_DEPLOYMENT_TARGET = 9.3;
				MTL_ENABLE_DEBUG_INFO = YES;
				ONLY_ACTIVE_ARCH = YES;
				SDKROOT = iphoneos;
				SWIFT_OPTIMIZATION_LEVEL = "-Onone";
			};
			name = Debug;
		};
		6E61366F1D492505004A279F /* Release */ = {
			isa = XCBuildConfiguration;
			buildSettings = {
				ALWAYS_SEARCH_USER_PATHS = NO;
				CLANG_ANALYZER_NONNULL = YES;
				CLANG_CXX_LANGUAGE_STANDARD = "gnu++0x";
				CLANG_CXX_LIBRARY = "libc++";
				CLANG_ENABLE_MODULES = YES;
				CLANG_ENABLE_OBJC_ARC = YES;
				CLANG_WARN_BOOL_CONVERSION = YES;
				CLANG_WARN_CONSTANT_CONVERSION = YES;
				CLANG_WARN_DIRECT_OBJC_ISA_USAGE = YES_ERROR;
				CLANG_WARN_EMPTY_BODY = YES;
				CLANG_WARN_ENUM_CONVERSION = YES;
				CLANG_WARN_INT_CONVERSION = YES;
				CLANG_WARN_OBJC_ROOT_CLASS = YES_ERROR;
				CLANG_WARN_UNREACHABLE_CODE = YES;
				CLANG_WARN__DUPLICATE_METHOD_MATCH = YES;
				"CODE_SIGN_IDENTITY[sdk=iphoneos*]" = "iPhone Developer";
				COPY_PHASE_STRIP = NO;
				DEBUG_INFORMATION_FORMAT = "dwarf-with-dsym";
				ENABLE_NS_ASSERTIONS = NO;
				ENABLE_STRICT_OBJC_MSGSEND = YES;
				GCC_C_LANGUAGE_STANDARD = gnu99;
				GCC_NO_COMMON_BLOCKS = YES;
				GCC_WARN_64_TO_32_BIT_CONVERSION = YES;
				GCC_WARN_ABOUT_RETURN_TYPE = YES_ERROR;
				GCC_WARN_UNDECLARED_SELECTOR = YES;
				GCC_WARN_UNINITIALIZED_AUTOS = YES_AGGRESSIVE;
				GCC_WARN_UNUSED_FUNCTION = YES;
				GCC_WARN_UNUSED_VARIABLE = YES;
				IPHONEOS_DEPLOYMENT_TARGET = 9.3;
				MTL_ENABLE_DEBUG_INFO = NO;
				SDKROOT = iphoneos;
				VALIDATE_PRODUCT = YES;
			};
			name = Release;
		};
		6E6136711D492505004A279F /* Debug */ = {
			isa = XCBuildConfiguration;
			buildSettings = {
				ASSETCATALOG_COMPILER_APPICON_NAME = AppIcon;
				INFOPLIST_FILE = bt_test/Info.plist;
				LD_RUNPATH_SEARCH_PATHS = "$(inherited) @executable_path/Frameworks";
				PRODUCT_BUNDLE_IDENTIFIER = "raf.bt-test";
				PRODUCT_NAME = "$(TARGET_NAME)";
			};
			name = Debug;
		};
		6E6136721D492505004A279F /* Release */ = {
			isa = XCBuildConfiguration;
			buildSettings = {
				ASSETCATALOG_COMPILER_APPICON_NAME = AppIcon;
				INFOPLIST_FILE = bt_test/Info.plist;
				LD_RUNPATH_SEARCH_PATHS = "$(inherited) @executable_path/Frameworks";
				PRODUCT_BUNDLE_IDENTIFIER = "raf.bt-test";
				PRODUCT_NAME = "$(TARGET_NAME)";
			};
			name = Release;
		};
		6E6136741D492505004A279F /* Debug */ = {
			isa = XCBuildConfiguration;
			buildSettings = {
				BUNDLE_LOADER = "$(TEST_HOST)";
				INFOPLIST_FILE = bt_testTests/Info.plist;
				LD_RUNPATH_SEARCH_PATHS = "$(inherited) @executable_path/Frameworks @loader_path/Frameworks";
				PRODUCT_BUNDLE_IDENTIFIER = "raf.bt-testTests";
				PRODUCT_NAME = "$(TARGET_NAME)";
				TEST_HOST = "$(BUILT_PRODUCTS_DIR)/bt_test.app/bt_test";
			};
			name = Debug;
		};
		6E6136751D492505004A279F /* Release */ = {
			isa = XCBuildConfiguration;
			buildSettings = {
				BUNDLE_LOADER = "$(TEST_HOST)";
				INFOPLIST_FILE = bt_testTests/Info.plist;
				LD_RUNPATH_SEARCH_PATHS = "$(inherited) @executable_path/Frameworks @loader_path/Frameworks";
				PRODUCT_BUNDLE_IDENTIFIER = "raf.bt-testTests";
				PRODUCT_NAME = "$(TARGET_NAME)";
				TEST_HOST = "$(BUILT_PRODUCTS_DIR)/bt_test.app/bt_test";
			};
			name = Release;
		};
		6E6136771D492505004A279F /* Debug */ = {
			isa = XCBuildConfiguration;
			buildSettings = {
				INFOPLIST_FILE = bt_testUITests/Info.plist;
				LD_RUNPATH_SEARCH_PATHS = "$(inherited) @executable_path/Frameworks @loader_path/Frameworks";
				PRODUCT_BUNDLE_IDENTIFIER = "raf.bt-testUITests";
				PRODUCT_NAME = "$(TARGET_NAME)";
				TEST_TARGET_NAME = bt_test;
			};
			name = Debug;
		};
		6E6136781D492505004A279F /* Release */ = {
			isa = XCBuildConfiguration;
			buildSettings = {
				INFOPLIST_FILE = bt_testUITests/Info.plist;
				LD_RUNPATH_SEARCH_PATHS = "$(inherited) @executable_path/Frameworks @loader_path/Frameworks";
				PRODUCT_BUNDLE_IDENTIFIER = "raf.bt-testUITests";
				PRODUCT_NAME = "$(TARGET_NAME)";
				TEST_TARGET_NAME = bt_test;
			};
			name = Release;
		};
/* End XCBuildConfiguration section */

/* Begin XCConfigurationList section */
		6E6136431D492504004A279F /* Build configuration list for PBXProject "bt_test" */ = {
			isa = XCConfigurationList;
			buildConfigurations = (
				6E61366E1D492505004A279F /* Debug */,
				6E61366F1D492505004A279F /* Release */,
			);
			defaultConfigurationIsVisible = 0;
			defaultConfigurationName = Release;
		};
		6E6136701D492505004A279F /* Build configuration list for PBXNativeTarget "bt_test" */ = {
			isa = XCConfigurationList;
			buildConfigurations = (
				6E6136711D492505004A279F /* Debug */,
				6E6136721D492505004A279F /* Release */,
			);
			defaultConfigurationIsVisible = 0;
		};
		6E6136731D492505004A279F /* Build configuration list for PBXNativeTarget "bt_testTests" */ = {
			isa = XCConfigurationList;
			buildConfigurations = (
				6E6136741D492505004A279F /* Debug */,
				6E6136751D492505004A279F /* Release */,
			);
			defaultConfigurationIsVisible = 0;
		};
		6E6136761D492505004A279F /* Build configuration list for PBXNativeTarget "bt_testUITests" */ = {
			isa = XCConfigurationList;
			buildConfigurations = (
				6E6136771D492505004A279F /* Debug */,
				6E6136781D492505004A279F /* Release */,
			);
			defaultConfigurationIsVisible = 0;
		};
/* End XCConfigurationList section */
	};
	rootObject = 6E6136401D492504004A279F /* Project object */;
}
